Microsoft Visual Studio Solution File, Format Version 12.00
# Visual Studio Version 17
VisualStudioVersion = 17.5.2.0
MinimumVisualStudioVersion = 10.0.40219.1
Project("{FAE04EC0-301F-11D3-BF4B-00C04F79EFBC}") = "Part1_Guided_Project", "Part1_Guided_Project.csproj", "{CBBF1274-2812-B2E7-A3B1-81A7E017CE79}"
EndProject
Global
	GlobalSection(SolutionConfigurationPlatforms) = preSolution
		Debug|Any CPU = Debug|Any CPU
		Release|Any CPU = Release|Any CPU
	EndGlobalSection
	GlobalSection(ProjectConfigurationPlatforms) = postSolution
		{CBBF1274-2812-B2E7-A3B1-81A7E017CE79}.Debug|Any CPU.ActiveCfg = Debug|Any CPU
		{CBBF1274-2812-B2E7-A3B1-81A7E017CE79}.Debug|Any CPU.Build.0 = Debug|Any CPU
		{CBBF1274-2812-B2E7-A3B1-81A7E017CE79}.Release|Any CPU.ActiveCfg = Release|Any CPU
		{CBBF1274-2812-B2E7-A3B1-81A7E017CE79}.Release|Any CPU.Build.0 = Release|Any CPU
	EndGlobalSection
	GlobalSection(SolutionProperties) = preSolution
		HideSolutionNode = FALSE
	EndGlobalSection
	GlobalSection(ExtensibilityGlobals) = postSolution
		SolutionGuid = {A812B509-4079-4E0E-85CC-68B359C05484}
	EndGlobalSection
EndGlobal
